
Microsoft Visual Studio Solution File, Format Version 12.00
# Visual Studio Version 17
VisualStudioVersion = 17.2.32630.192
MinimumVisualStudioVersion = 10.0.40219.1
Project("{FAE04EC0-301F-11D3-BF4B-00C04F79EFBC}") = "BracketGenerator", "BracketGenerator\BracketGenerator.csproj", "{26F1F8C4-D037-43BE-9324-24B8331A280E}"
EndProject
Global
	GlobalSection(SolutionConfigurationPlatforms) = preSolution
		Debug|Any CPU = Debug|Any CPU
		Release|Any CPU = Release|Any CPU
	EndGlobalSection
	GlobalSection(ProjectConfigurationPlatforms) = postSolution
		{26F1F8C4-D037-43BE-9324-24B8331A280E}.Debug|Any CPU.ActiveCfg = Debug|Any CPU
		{26F1F8C4-D037-43BE-9324-24B8331A280E}.Debug|Any CPU.Build.0 = Debug|Any CPU
		{26F1F8C4-D037-43BE-9324-24B8331A280E}.Release|Any CPU.ActiveCfg = Release|Any CPU
		{26F1F8C4-D037-43BE-9324-24B8331A280E}.Release|Any CPU.Build.0 = Release|Any CPU
	EndGlobalSection
	GlobalSection(SolutionProperties) = preSolution
		HideSolutionNode = FALSE
	EndGlobalSection
	GlobalSection(ExtensibilityGlobals) = postSolution
		SolutionGuid = {A090D9A7-AB70-4877-9421-A60498005ADE}
	EndGlobalSection
EndGlobal
